
Microsoft Visual Studio Solution File, Format Version 12.00
# Visual Studio 2012
Project("{FAE04EC0-301F-11D3-BF4B-00C04F79EFBC}") = "PDFTOXLS", "PDFTOXLS\PDFTOXLS.csproj", "{7F201920-9106-45C3-A0D4-25EDA51B8152}"
EndProject
Project("{FAE04EC0-301F-11D3-BF4B-00C04F79EFBC}") = "PDFTOXLSMessage", "PDFTOXLSMessage\PDFTOXLSMessage.csproj", "{781B01B7-E53E-4EA8-A5A8-C3DD372F6440}"
EndProject
Global
	GlobalSection(SolutionConfigurationPlatforms) = preSolution
		Debug|Any CPU = Debug|Any CPU
		Release|Any CPU = Release|Any CPU
	EndGlobalSection
	GlobalSection(ProjectConfigurationPlatforms) = postSolution
		{7F201920-9106-45C3-A0D4-25EDA51B8152}.Debug|Any CPU.ActiveCfg = Debug|Any CPU
		{7F201920-9106-45C3-A0D4-25EDA51B8152}.Debug|Any CPU.Build.0 = Debug|Any CPU
		{7F201920-9106-45C3-A0D4-25EDA51B8152}.Release|Any CPU.ActiveCfg = Release|Any CPU
		{7F201920-9106-45C3-A0D4-25EDA51B8152}.Release|Any CPU.Build.0 = Release|Any CPU
		{781B01B7-E53E-4EA8-A5A8-C3DD372F6440}.Debug|Any CPU.ActiveCfg = Debug|Any CPU
		{781B01B7-E53E-4EA8-A5A8-C3DD372F6440}.Debug|Any CPU.Build.0 = Debug|Any CPU
		{781B01B7-E53E-4EA8-A5A8-C3DD372F6440}.Release|Any CPU.ActiveCfg = Release|Any CPU
		{781B01B7-E53E-4EA8-A5A8-C3DD372F6440}.Release|Any CPU.Build.0 = Release|Any CPU
	EndGlobalSection
	GlobalSection(SolutionProperties) = preSolution
		HideSolutionNode = FALSE
	EndGlobalSection
EndGlobal
